{
  "name": "example",
  "version": "1.0.0",
  "lockfileVersion": 2,
  "requires": true,
  "packages": {
    "": {
      "name": "example",
      "version": "1.0.0",
      "license": "ISC",
      "dependencies": {
        "@automata-network/debug-js-browser": "file:../packages/browser",
        "@automata-network/debug-js-server": "file:../packages/server"
      },
      "devDependencies": {
        "nodemon": "^2.0.20"
      }
    },
    "../packages/browser": {
      "name": "@automata-network/debug-js-browser",
      "version": "1.0.0",
      "license": "ISC"
    },
    "../packages/server": {
      "name": "@automata-network/debug-js-server",
      "version": "1.0.0",
      "license": "ISC",
      "dependencies": {
        "@koa/cors": "^4.0.0",
        "koa": "^2.13.4",
        "koa-body": "^6.0.1",
        "koa-logger": "^3.2.1",
        "koa-ratelimit": "^5.0.1",
        "koa-router": "^12.0.0"
      }
    },
    "../packages/server/node_modules/@koa/cors": {
      "version": "4.0.0",
      "license": "MIT",
      "dependencies": {
        "vary": "^1.1.2"
      },
      "engines": {
        "node": ">= 14.0.0"
      }
    },
    "../packages/server/node_modules/@types/accepts": {
      "version": "1.3.5",
      "license": "MIT",
      "dependencies": {
        "@types/node": "*"
      }
    },
    "../packages/server/node_modules/@types/body-parser": {
      "version": "1.19.2",
      "license": "MIT",
      "dependencies": {
        "@types/connect": "*",
        "@types/node": "*"
      }
    },
    "../packages/server/node_modules/@types/co-body": {
      "version": "6.1.0",
      "license": "MIT",
      "dependencies": {
        "@types/node": "*",
        "@types/qs": "*"
      }
    },
    "../packages/server/node_modules/@types/connect": {
      "version": "3.4.35",
      "license": "MIT",
      "dependencies": {
        "@types/node": "*"
      }
    },
    "../packages/server/node_modules/@types/content-disposition": {
      "version": "0.5.5",
      "license": "MIT"
    },
    "../packages/server/node_modules/@types/cookies": {
      "version": "0.7.7",
      "license": "MIT",
      "dependencies": {
        "@types/connect": "*",
        "@types/express": "*",
        "@types/keygrip": "*",
        "@types/node": "*"
      }
    },
    "../packages/server/node_modules/@types/express": {
      "version": "4.17.14",
      "license": "MIT",
      "dependencies": {
        "@types/body-parser": "*",
        "@types/express-serve-static-core": "^4.17.18",
        "@types/qs": "*",
        "@types/serve-static": "*"
      }
    },
    "../packages/server/node_modules/@types/express-serve-static-core": {
      "version": "4.17.31",
      "license": "MIT",
      "dependencies": {
        "@types/node": "*",
        "@types/qs": "*",
        "@types/range-parser": "*"
      }
    },
    "../packages/server/node_modules/@types/formidable": {
      "version": "2.0.5",
      "license": "MIT",
      "dependencies": {
        "@types/node": "*"
      }
    },
    "../packages/server/node_modules/@types/http-assert": {
      "version": "1.5.3",
      "license": "MIT"
    },
    "../packages/server/node_modules/@types/http-errors": {
      "version": "2.0.1",
      "license": "MIT"
    },
    "../packages/server/node_modules/@types/keygrip": {
      "version": "1.0.2",
      "license": "MIT"
    },
    "../packages/server/node_modules/@types/koa": {
      "version": "2.13.5",
      "license": "MIT",
      "dependencies": {
        "@types/accepts": "*",
        "@types/content-disposition": "*",
        "@types/cookies": "*",
        "@types/http-assert": "*",
        "@types/http-errors": "*",
        "@types/keygrip": "*",
        "@types/koa-compose": "*",
        "@types/node": "*"
      }
    },
    "../packages/server/node_modules/@types/koa-compose": {
      "version": "3.2.5",
      "license": "MIT",
      "dependencies": {
        "@types/koa": "*"
      }
    },
    "../packages/server/node_modules/@types/mime": {
      "version": "3.0.1",
      "license": "MIT"
    },
    "../packages/server/node_modules/@types/node": {
      "version": "18.11.9",
      "license": "MIT"
    },
    "../packages/server/node_modules/@types/qs": {
      "version": "6.9.7",
      "license": "MIT"
    },
    "../packages/server/node_modules/@types/range-parser": {
      "version": "1.2.4",
      "license": "MIT"
    },
    "../packages/server/node_modules/@types/serve-static": {
      "version": "1.15.0",
      "license": "MIT",
      "dependencies": {
        "@types/mime": "*",
        "@types/node": "*"
      }
    },
    "../packages/server/node_modules/accepts": {
      "version": "1.3.8",
      "license": "MIT",
      "dependencies": {
        "mime-types": "~2.1.34",
        "negotiator": "0.6.3"
      },
      "engines": {
        "node": ">= 0.6"
      }
    },
    "../packages/server/node_modules/ansi-styles": {
      "version": "3.2.1",
      "license": "MIT",
      "dependencies": {
        "color-convert": "^1.9.0"
      },
      "engines": {
        "node": ">=4"
      }
    },
    "../packages/server/node_modules/asap": {
      "version": "2.0.6",
      "license": "MIT"
    },
    "../packages/server/node_modules/async-ratelimiter": {
      "version": "1.3.5",
      "license": "MIT",
      "engines": {
        "node": ">= 8"
      }
    },
    "../packages/server/node_modules/bytes": {
      "version": "3.1.2",
      "license": "MIT",
      "engines": {
        "node": ">= 0.8"
      }
    },
    "../packages/server/node_modules/cache-content-type": {
      "version": "1.0.1",
      "license": "MIT",
      "dependencies": {
        "mime-types": "^2.1.18",
        "ylru": "^1.2.0"
      },
      "engines": {
        "node": ">= 6.0.0"
      }
    },
    "../packages/server/node_modules/call-bind": {
      "version": "1.0.2",
      "license": "MIT",
      "dependencies": {
        "function-bind": "^1.1.1",
        "get-intrinsic": "^1.0.2"
      },
      "funding": {
        "url": "https://github.com/sponsors/ljharb"
      }
    },
    "../packages/server/node_modules/chalk": {
      "version": "2.4.2",
      "license": "MIT",
      "dependencies": {
        "ansi-styles": "^3.2.1",
        "escape-string-regexp": "^1.0.5",
        "supports-color": "^5.3.0"
      },
      "engines": {
        "node": ">=4"
      }
    },
    "../packages/server/node_modules/co": {
      "version": "4.6.0",
      "license": "MIT",
      "engines": {
        "iojs": ">= 1.0.0",
        "node": ">= 0.12.0"
      }
    },
    "../packages/server/node_modules/co-body": {
      "version": "6.1.0",
      "license": "MIT",
      "dependencies": {
        "inflation": "^2.0.0",
        "qs": "^6.5.2",
        "raw-body": "^2.3.3",
        "type-is": "^1.6.16"
      }
    },
    "../packages/server/node_modules/color-convert": {
      "version": "1.9.3",
      "license": "MIT",
      "dependencies": {
        "color-name": "1.1.3"
      }
    },
    "../packages/server/node_modules/color-name": {
      "version": "1.1.3",
      "license": "MIT"
    },
    "../packages/server/node_modules/content-disposition": {
      "version": "0.5.4",
      "license": "MIT",
      "dependencies": {
        "safe-buffer": "5.2.1"
      },
      "engines": {
        "node": ">= 0.6"
      }
    },
    "../packages/server/node_modules/content-type": {
      "version": "1.0.4",
      "license": "MIT",
      "engines": {
        "node": ">= 0.6"
      }
    },
    "../packages/server/node_modules/cookies": {
      "version": "0.8.0",
      "license": "MIT",
      "dependencies": {
        "depd": "~2.0.0",
        "keygrip": "~1.1.0"
      },
      "engines": {
        "node": ">= 0.8"
      }
    },
    "../packages/server/node_modules/debug": {
      "version": "4.3.4",
      "license": "MIT",
      "dependencies": {
        "ms": "2.1.2"
      },
      "engines": {
        "node": ">=6.0"
      },
      "peerDependenciesMeta": {
        "supports-color": {
          "optional": true
        }
      }
    },
    "../packages/server/node_modules/deep-equal": {
      "version": "1.0.1",
      "license": "MIT"
    },
    "../packages/server/node_modules/delegates": {
      "version": "1.0.0",
      "license": "MIT"
    },
    "../packages/server/node_modules/depd": {
      "version": "2.0.0",
      "license": "MIT",
      "engines": {
        "node": ">= 0.8"
      }
    },
    "../packages/server/node_modules/destroy": {
      "version": "1.2.0",
      "license": "MIT",
      "engines": {
        "node": ">= 0.8",
        "npm": "1.2.8000 || >= 1.4.16"
      }
    },
    "../packages/server/node_modules/dezalgo": {
      "version": "1.0.3",
      "license": "ISC",
      "dependencies": {
        "asap": "^2.0.0",
        "wrappy": "1"
      }
    },
    "../packages/server/node_modules/ee-first": {
      "version": "1.1.1",
      "license": "MIT"
    },
    "../packages/server/node_modules/encodeurl": {
      "version": "1.0.2",
      "license": "MIT",
      "engines": {
        "node": ">= 0.8"
      }
    },
    "../packages/server/node_modules/escape-html": {
      "version": "1.0.3",
      "license": "MIT"
    },
    "../packages/server/node_modules/escape-string-regexp": {
      "version": "1.0.5",
      "license": "MIT",
      "engines": {
        "node": ">=0.8.0"
      }
    },
    "../packages/server/node_modules/formidable": {
      "version": "2.0.1",
      "license": "MIT",
      "dependencies": {
        "dezalgo": "1.0.3",
        "hexoid": "1.0.0",
        "once": "1.4.0",
        "qs": "6.9.3"
      },
      "funding": {
        "url": "https://ko-fi.com/tunnckoCore/commissions"
      }
    },
    "../packages/server/node_modules/formidable/node_modules/qs": {
      "version": "6.9.3",
      "license": "BSD-3-Clause",
      "engines": {
        "node": ">=0.6"
      },
      "funding": {
        "url": "https://github.com/sponsors/ljharb"
      }
    },
    "../packages/server/node_modules/fresh": {
      "version": "0.5.2",
      "license": "MIT",
      "engines": {
        "node": ">= 0.6"
      }
    },
    "../packages/server/node_modules/function-bind": {
      "version": "1.1.1",
      "license": "MIT"
    },
    "../packages/server/node_modules/get-intrinsic": {
      "version": "1.1.3",
      "license": "MIT",
      "dependencies": {
        "function-bind": "^1.1.1",
        "has": "^1.0.3",
        "has-symbols": "^1.0.3"
      },
      "funding": {
        "url": "https://github.com/sponsors/ljharb"
      }
    },
    "../packages/server/node_modules/has": {
      "version": "1.0.3",
      "license": "MIT",
      "dependencies": {
        "function-bind": "^1.1.1"
      },
      "engines": {
        "node": ">= 0.4.0"
      }
    },
    "../packages/server/node_modules/has-flag": {
      "version": "3.0.0",
      "license": "MIT",
      "engines": {
        "node": ">=4"
      }
    },
    "../packages/server/node_modules/has-symbols": {
      "version": "1.0.3",
      "license": "MIT",
      "engines": {
        "node": ">= 0.4"
      },
      "funding": {
        "url": "https://github.com/sponsors/ljharb"
      }
    },
    "../packages/server/node_modules/has-tostringtag": {
      "version": "1.0.0",
      "license": "MIT",
      "dependencies": {
        "has-symbols": "^1.0.2"
      },
      "engines": {
        "node": ">= 0.4"
      },
      "funding": {
        "url": "https://github.com/sponsors/ljharb"
      }
    },
    "../packages/server/node_modules/hexoid": {
      "version": "1.0.0",
      "license": "MIT",
      "engines": {
        "node": ">=8"
      }
    },
    "../packages/server/node_modules/http-assert": {
      "version": "1.5.0",
      "license": "MIT",
      "dependencies": {
        "deep-equal": "~1.0.1",
        "http-errors": "~1.8.0"
      },
      "engines": {
        "node": ">= 0.8"
      }
    },
    "../packages/server/node_modules/http-errors": {
      "version": "1.8.1",
      "license": "MIT",
      "dependencies": {
        "depd": "~1.1.2",
        "inherits": "2.0.4",
        "setprototypeof": "1.2.0",
        "statuses": ">= 1.5.0 < 2",
        "toidentifier": "1.0.1"
      },
      "engines": {
        "node": ">= 0.6"
      }
    },
    "../packages/server/node_modules/http-errors/node_modules/depd": {
      "version": "1.1.2",
      "license": "MIT",
      "engines": {
        "node": ">= 0.6"
      }
    },
    "../packages/server/node_modules/humanize-number": {
      "version": "0.0.2"
    },
    "../packages/server/node_modules/iconv-lite": {
      "version": "0.4.24",
      "license": "MIT",
      "dependencies": {
        "safer-buffer": ">= 2.1.2 < 3"
      },
      "engines": {
        "node": ">=0.10.0"
      }
    },
    "../packages/server/node_modules/inflation": {
      "version": "2.0.0",
      "license": "MIT",
      "engines": {
        "node": ">= 0.8.0"
      }
    },
    "../packages/server/node_modules/inherits": {
      "version": "2.0.4",
      "license": "ISC"
    },
    "../packages/server/node_modules/is-generator-function": {
      "version": "1.0.10",
      "license": "MIT",
      "dependencies": {
        "has-tostringtag": "^1.0.0"
      },
      "engines": {
        "node": ">= 0.4"
      },
      "funding": {
        "url": "https://github.com/sponsors/ljharb"
      }
    },
    "../packages/server/node_modules/keygrip": {
      "version": "1.1.0",
      "license": "MIT",
      "dependencies": {
        "tsscmp": "1.0.6"
      },
      "engines": {
        "node": ">= 0.6"
      }
    },
    "../packages/server/node_modules/koa": {
      "version": "2.13.4",
      "license": "MIT",
      "dependencies": {
        "accepts": "^1.3.5",
        "cache-content-type": "^1.0.0",
        "content-disposition": "~0.5.2",
        "content-type": "^1.0.4",
        "cookies": "~0.8.0",
        "debug": "^4.3.2",
        "delegates": "^1.0.0",
        "depd": "^2.0.0",
        "destroy": "^1.0.4",
        "encodeurl": "^1.0.2",
        "escape-html": "^1.0.3",
        "fresh": "~0.5.2",
        "http-assert": "^1.3.0",
        "http-errors": "^1.6.3",
        "is-generator-function": "^1.0.7",
        "koa-compose": "^4.1.0",
        "koa-convert": "^2.0.0",
        "on-finished": "^2.3.0",
        "only": "~0.0.2",
        "parseurl": "^1.3.2",
        "statuses": "^1.5.0",
        "type-is": "^1.6.16",
        "vary": "^1.1.2"
      },
      "engines": {
        "node": "^4.8.4 || ^6.10.1 || ^7.10.1 || >= 8.1.4"
      }
    },
    "../packages/server/node_modules/koa-body": {
      "version": "6.0.1",
      "license": "MIT",
      "dependencies": {
        "@types/co-body": "^6.1.0",
        "@types/formidable": "^2.0.5",
        "@types/koa": "^2.13.5",
        "co-body": "^6.1.0",
        "formidable": "^2.0.1",
        "zod": "^3.19.1"
      }
    },
    "../packages/server/node_modules/koa-compose": {
      "version": "4.1.0",
      "license": "MIT"
    },
    "../packages/server/node_modules/koa-convert": {
      "version": "2.0.0",
      "license": "MIT",
      "dependencies": {
        "co": "^4.6.0",
        "koa-compose": "^4.1.0"
      },
      "engines": {
        "node": ">= 10"
      }
    },
    "../packages/server/node_modules/koa-logger": {
      "version": "3.2.1",
      "license": "MIT",
      "dependencies": {
        "bytes": "^3.1.0",
        "chalk": "^2.4.2",
        "humanize-number": "0.0.2",
        "passthrough-counter": "^1.0.0"
      },
      "engines": {
        "node": ">= 7.6.0"
      }
    },
    "../packages/server/node_modules/koa-ratelimit": {
      "version": "5.0.1",
      "license": "MIT",
      "dependencies": {
        "async-ratelimiter": "^1.3.0",
        "debug": "^4.1.1",
        "ms": "^2.1.2"
      },
      "engines": {
        "node": ">= 10"
      }
    },
    "../packages/server/node_modules/koa-router": {
      "version": "12.0.0",
      "license": "MIT",
      "dependencies": {
        "http-errors": "^2.0.0",
        "koa-compose": "^4.1.0",
        "methods": "^1.1.2",
        "path-to-regexp": "^6.2.1"
      },
      "engines": {
        "node": ">= 12"
      }
    },
    "../packages/server/node_modules/koa-router/node_modules/http-errors": {
      "version": "2.0.0",
      "license": "MIT",
      "dependencies": {
        "depd": "2.0.0",
        "inherits": "2.0.4",
        "setprototypeof": "1.2.0",
        "statuses": "2.0.1",
        "toidentifier": "1.0.1"
      },
      "engines": {
        "node": ">= 0.8"
      }
    },
    "../packages/server/node_modules/koa-router/node_modules/statuses": {
      "version": "2.0.1",
      "license": "MIT",
      "engines": {
        "node": ">= 0.8"
      }
    },
    "../packages/server/node_modules/media-typer": {
      "version": "0.3.0",
      "license": "MIT",
      "engines": {
        "node": ">= 0.6"
      }
    },
    "../packages/server/node_modules/methods": {
      "version": "1.1.2",
      "license": "MIT",
      "engines": {
        "node": ">= 0.6"
      }
    },
    "../packages/server/node_modules/mime-db": {
      "version": "1.52.0",
      "license": "MIT",
      "engines": {
        "node": ">= 0.6"
      }
    },
    "../packages/server/node_modules/mime-types": {
      "version": "2.1.35",
      "license": "MIT",
      "dependencies": {
        "mime-db": "1.52.0"
      },
      "engines": {
        "node": ">= 0.6"
      }
    },
    "../packages/server/node_modules/ms": {
      "version": "2.1.2",
      "license": "MIT"
    },
    "../packages/server/node_modules/negotiator": {
      "version": "0.6.3",
      "license": "MIT",
      "engines": {
        "node": ">= 0.6"
      }
    },
    "../packages/server/node_modules/object-inspect": {
      "version": "1.12.2",
      "license": "MIT",
      "funding": {
        "url": "https://github.com/sponsors/ljharb"
      }
    },
    "../packages/server/node_modules/on-finished": {
      "version": "2.4.1",
      "license": "MIT",
      "dependencies": {
        "ee-first": "1.1.1"
      },
      "engines": {
        "node": ">= 0.8"
      }
    },
    "../packages/server/node_modules/once": {
      "version": "1.4.0",
      "license": "ISC",
      "dependencies": {
        "wrappy": "1"
      }
    },
    "../packages/server/node_modules/only": {
      "version": "0.0.2"
    },
    "../packages/server/node_modules/parseurl": {
      "version": "1.3.3",
      "license": "MIT",
      "engines": {
        "node": ">= 0.8"
      }
    },
    "../packages/server/node_modules/passthrough-counter": {
      "version": "1.0.0",
      "license": "MIT"
    },
    "../packages/server/node_modules/path-to-regexp": {
      "version": "6.2.1",
      "license": "MIT"
    },
    "../packages/server/node_modules/qs": {
      "version": "6.11.0",
      "license": "BSD-3-Clause",
      "dependencies": {
        "side-channel": "^1.0.4"
      },
      "engines": {
        "node": ">=0.6"
      },
      "funding": {
        "url": "https://github.com/sponsors/ljharb"
      }
    },
    "../packages/server/node_modules/raw-body": {
      "version": "2.5.1",
      "license": "MIT",
      "dependencies": {
        "bytes": "3.1.2",
        "http-errors": "2.0.0",
        "iconv-lite": "0.4.24",
        "unpipe": "1.0.0"
      },
      "engines": {
        "node": ">= 0.8"
      }
    },
    "../packages/server/node_modules/raw-body/node_modules/http-errors": {
      "version": "2.0.0",
      "license": "MIT",
      "dependencies": {
        "depd": "2.0.0",
        "inherits": "2.0.4",
        "setprototypeof": "1.2.0",
        "statuses": "2.0.1",
        "toidentifier": "1.0.1"
      },
      "engines": {
        "node": ">= 0.8"
      }
    },
    "../packages/server/node_modules/raw-body/node_modules/statuses": {
      "version": "2.0.1",
      "license": "MIT",
      "engines": {
        "node": ">= 0.8"
      }
    },
    "../packages/server/node_modules/safe-buffer": {
      "version": "5.2.1",
      "funding": [
        {
          "type": "github",
          "url": "https://github.com/sponsors/feross"
        },
        {
          "type": "patreon",
          "url": "https://www.patreon.com/feross"
        },
        {
          "type": "consulting",
          "url": "https://feross.org/support"
        }
      ],
      "license": "MIT"
    },
    "../packages/server/node_modules/safer-buffer": {
      "version": "2.1.2",
      "license": "MIT"
    },
    "../packages/server/node_modules/setprototypeof": {
      "version": "1.2.0",
      "license": "ISC"
    },
    "../packages/server/node_modules/side-channel": {
      "version": "1.0.4",
      "license": "MIT",
      "dependencies": {
        "call-bind": "^1.0.0",
        "get-intrinsic": "^1.0.2",
        "object-inspect": "^1.9.0"
      },
      "funding": {
        "url": "https://github.com/sponsors/ljharb"
      }
    },
    "../packages/server/node_modules/statuses": {
      "version": "1.5.0",
      "license": "MIT",
      "engines": {
        "node": ">= 0.6"
      }
    },
    "../packages/server/node_modules/supports-color": {
      "version": "5.5.0",
      "license": "MIT",
      "dependencies": {
        "has-flag": "^3.0.0"
      },
      "engines": {
        "node": ">=4"
      }
    },
    "../packages/server/node_modules/toidentifier": {
      "version": "1.0.1",
      "license": "MIT",
      "engines": {
        "node": ">=0.6"
      }
    },
    "../packages/server/node_modules/tsscmp": {
      "version": "1.0.6",
      "license": "MIT",
      "engines": {
        "node": ">=0.6.x"
      }
    },
    "../packages/server/node_modules/type-is": {
      "version": "1.6.18",
      "license": "MIT",
      "dependencies": {
        "media-typer": "0.3.0",
        "mime-types": "~2.1.24"
      },
      "engines": {
        "node": ">= 0.6"
      }
    },
    "../packages/server/node_modules/unpipe": {
      "version": "1.0.0",
      "license": "MIT",
      "engines": {
        "node": ">= 0.8"
      }
    },
    "../packages/server/node_modules/vary": {
      "version": "1.1.2",
      "license": "MIT",
      "engines": {
        "node": ">= 0.8"
      }
    },
    "../packages/server/node_modules/wrappy": {
      "version": "1.0.2",
      "license": "ISC"
    },
    "../packages/server/node_modules/ylru": {
      "version": "1.3.2",
      "license": "MIT",
      "engines": {
        "node": ">= 4.0.0"
      }
    },
    "../packages/server/node_modules/zod": {
      "version": "3.19.1",
      "license": "MIT",
      "funding": {
        "url": "https://github.com/sponsors/colinhacks"
      }
    },
    "node_modules/@automata-network/debug-js-browser": {
      "resolved": "../packages/browser",
      "link": true
    },
    "node_modules/@automata-network/debug-js-server": {
      "resolved": "../packages/server",
      "link": true
    },
    "node_modules/abbrev": {
      "version": "1.1.1",
      "dev": true,
      "license": "ISC"
    },
    "node_modules/anymatch": {
      "version": "3.1.2",
      "dev": true,
      "license": "ISC",
      "dependencies": {
        "normalize-path": "^3.0.0",
        "picomatch": "^2.0.4"
      },
      "engines": {
        "node": ">= 8"
      }
    },
    "node_modules/balanced-match": {
      "version": "1.0.2",
      "dev": true,
      "license": "MIT"
    },
    "node_modules/binary-extensions": {
      "version": "2.2.0",
      "dev": true,
      "license": "MIT",
      "engines": {
        "node": ">=8"
      }
    },
    "node_modules/brace-expansion": {
      "version": "1.1.11",
      "dev": true,
      "license": "MIT",
      "dependencies": {
        "balanced-match": "^1.0.0",
        "concat-map": "0.0.1"
      }
    },
    "node_modules/braces": {
      "version": "3.0.2",
      "dev": true,
      "license": "MIT",
      "dependencies": {
        "fill-range": "^7.0.1"
      },
      "engines": {
        "node": ">=8"
      }
    },
    "node_modules/chokidar": {
      "version": "3.5.3",
      "dev": true,
      "funding": [
        {
          "type": "individual",
          "url": "https://paulmillr.com/funding/"
        }
      ],
      "license": "MIT",
      "dependencies": {
        "anymatch": "~3.1.2",
        "braces": "~3.0.2",
        "glob-parent": "~5.1.2",
        "is-binary-path": "~2.1.0",
        "is-glob": "~4.0.1",
        "normalize-path": "~3.0.0",
        "readdirp": "~3.6.0"
      },
      "engines": {
        "node": ">= 8.10.0"
      },
      "optionalDependencies": {
        "fsevents": "~2.3.2"
      }
    },
    "node_modules/concat-map": {
      "version": "0.0.1",
      "dev": true,
      "license": "MIT"
    },
    "node_modules/debug": {
      "version": "3.2.7",
      "dev": true,
      "license": "MIT",
      "dependencies": {
        "ms": "^2.1.1"
      }
    },
    "node_modules/fill-range": {
      "version": "7.0.1",
      "dev": true,
      "license": "MIT",
      "dependencies": {
        "to-regex-range": "^5.0.1"
      },
      "engines": {
        "node": ">=8"
      }
    },
    "node_modules/fsevents": {
      "version": "2.3.2",
      "dev": true,
      "license": "MIT",
      "optional": true,
      "os": [
        "darwin"
      ],
      "engines": {
        "node": "^8.16.0 || ^10.6.0 || >=11.0.0"
      }
    },
    "node_modules/glob-parent": {
      "version": "5.1.2",
      "dev": true,
      "license": "ISC",
      "dependencies": {
        "is-glob": "^4.0.1"
      },
      "engines": {
        "node": ">= 6"
      }
    },
    "node_modules/has-flag": {
      "version": "3.0.0",
      "dev": true,
      "license": "MIT",
      "engines": {
        "node": ">=4"
      }
    },
    "node_modules/ignore-by-default": {
      "version": "1.0.1",
      "dev": true,
      "license": "ISC"
    },
    "node_modules/is-binary-path": {
      "version": "2.1.0",
      "dev": true,
      "license": "MIT",
      "dependencies": {
        "binary-extensions": "^2.0.0"
      },
      "engines": {
        "node": ">=8"
      }
    },
    "node_modules/is-extglob": {
      "version": "2.1.1",
      "dev": true,
      "license": "MIT",
      "engines": {
        "node": ">=0.10.0"
      }
    },
    "node_modules/is-glob": {
      "version": "4.0.3",
      "dev": true,
      "license": "MIT",
      "dependencies": {
        "is-extglob": "^2.1.1"
      },
      "engines": {
        "node": ">=0.10.0"
      }
    },
    "node_modules/is-number": {
      "version": "7.0.0",
      "dev": true,
      "license": "MIT",
      "engines": {
        "node": ">=0.12.0"
      }
    },
    "node_modules/minimatch": {
      "version": "3.1.2",
      "dev": true,
      "license": "ISC",
      "dependencies": {
        "brace-expansion": "^1.1.7"
      },
      "engines": {
        "node": "*"
      }
    },
    "node_modules/ms": {
      "version": "2.1.3",
      "dev": true,
      "license": "MIT"
    },
    "node_modules/nodemon": {
      "version": "2.0.20",
      "dev": true,
      "license": "MIT",
      "dependencies": {
        "chokidar": "^3.5.2",
        "debug": "^3.2.7",
        "ignore-by-default": "^1.0.1",
        "minimatch": "^3.1.2",
        "pstree.remy": "^1.1.8",
        "semver": "^5.7.1",
        "simple-update-notifier": "^1.0.7",
        "supports-color": "^5.5.0",
        "touch": "^3.1.0",
        "undefsafe": "^2.0.5"
      },
      "bin": {
        "nodemon": "bin/nodemon.js"
      },
      "engines": {
        "node": ">=8.10.0"
      },
      "funding": {
        "type": "opencollective",
        "url": "https://opencollective.com/nodemon"
      }
    },
    "node_modules/nopt": {
      "version": "1.0.10",
      "dev": true,
      "license": "MIT",
      "dependencies": {
        "abbrev": "1"
      },
      "bin": {
        "nopt": "bin/nopt.js"
      }
    },
    "node_modules/normalize-path": {
      "version": "3.0.0",
      "dev": true,
      "license": "MIT",
      "engines": {
        "node": ">=0.10.0"
      }
    },
    "node_modules/picomatch": {
      "version": "2.3.1",
      "dev": true,
      "license": "MIT",
      "engines": {
        "node": ">=8.6"
      },
      "funding": {
        "url": "https://github.com/sponsors/jonschlinkert"
      }
    },
    "node_modules/pstree.remy": {
      "version": "1.1.8",
      "dev": true,
      "license": "MIT"
    },
    "node_modules/readdirp": {
      "version": "3.6.0",
      "dev": true,
      "license": "MIT",
      "dependencies": {
        "picomatch": "^2.2.1"
      },
      "engines": {
        "node": ">=8.10.0"
      }
    },
    "node_modules/semver": {
      "version": "5.7.1",
      "dev": true,
      "license": "ISC",
      "bin": {
        "semver": "bin/semver"
      }
    },
    "node_modules/simple-update-notifier": {
      "version": "1.0.7",
      "dev": true,
      "license": "MIT",
      "dependencies": {
        "semver": "~7.0.0"
      },
      "engines": {
        "node": ">=8.10.0"
      }
    },
    "node_modules/simple-update-notifier/node_modules/semver": {
      "version": "7.0.0",
      "dev": true,
      "license": "ISC",
      "bin": {
        "semver": "bin/semver.js"
      }
    },
    "node_modules/supports-color": {
      "version": "5.5.0",
      "dev": true,
      "license": "MIT",
      "dependencies": {
        "has-flag": "^3.0.0"
      },
      "engines": {
        "node": ">=4"
      }
    },
    "node_modules/to-regex-range": {
      "version": "5.0.1",
      "dev": true,
      "license": "MIT",
      "dependencies": {
        "is-number": "^7.0.0"
      },
      "engines": {
        "node": ">=8.0"
      }
    },
    "node_modules/touch": {
      "version": "3.1.0",
      "dev": true,
      "license": "ISC",
      "dependencies": {
        "nopt": "~1.0.10"
      },
      "bin": {
        "nodetouch": "bin/nodetouch.js"
      }
    },
    "node_modules/undefsafe": {
      "version": "2.0.5",
      "dev": true,
      "license": "MIT"
    }
  },
  "dependencies": {
    "@automata-network/debug-js-browser": {
      "version": "file:../packages/browser"
    },
    "@automata-network/debug-js-server": {
      "version": "file:../packages/server",
      "requires": {
        "@koa/cors": "^4.0.0",
        "koa": "^2.13.4",
        "koa-body": "^6.0.1",
        "koa-logger": "^3.2.1",
        "koa-ratelimit": "^5.0.1",
        "koa-router": "^12.0.0"
      },
      "dependencies": {
        "@koa/cors": {
          "version": "4.0.0",
          "requires": {
            "vary": "^1.1.2"
          }
        },
        "@types/accepts": {
          "version": "1.3.5",
          "requires": {
            "@types/node": "*"
          }
        },
        "@types/body-parser": {
          "version": "1.19.2",
          "requires": {
            "@types/connect": "*",
            "@types/node": "*"
          }
        },
        "@types/co-body": {
          "version": "6.1.0",
          "requires": {
            "@types/node": "*",
            "@types/qs": "*"
          }
        },
        "@types/connect": {
          "version": "3.4.35",
          "requires": {
            "@types/node": "*"
          }
        },
        "@types/content-disposition": {
          "version": "0.5.5"
        },
        "@types/cookies": {
          "version": "0.7.7",
          "requires": {
            "@types/connect": "*",
            "@types/express": "*",
            "@types/keygrip": "*",
            "@types/node": "*"
          }
        },
        "@types/express": {
          "version": "4.17.14",
          "requires": {
            "@types/body-parser": "*",
            "@types/express-serve-static-core": "^4.17.18",
            "@types/qs": "*",
            "@types/serve-static": "*"
          }
        },
        "@types/express-serve-static-core": {
          "version": "4.17.31",
          "requires": {
            "@types/node": "*",
            "@types/qs": "*",
            "@types/range-parser": "*"
          }
        },
        "@types/formidable": {
          "version": "2.0.5",
          "requires": {
            "@types/node": "*"
          }
        },
        "@types/http-assert": {
          "version": "1.5.3"
        },
        "@types/http-errors": {
          "version": "2.0.1"
        },
        "@types/keygrip": {
          "version": "1.0.2"
        },
        "@types/koa": {
          "version": "2.13.5",
          "requires": {
            "@types/accepts": "*",
            "@types/content-disposition": "*",
            "@types/cookies": "*",
            "@types/http-assert": "*",
            "@types/http-errors": "*",
            "@types/keygrip": "*",
            "@types/koa-compose": "*",
            "@types/node": "*"
          }
        },
        "@types/koa-compose": {
          "version": "3.2.5",
          "requires": {
            "@types/koa": "*"
          }
        },
        "@types/mime": {
          "version": "3.0.1"
        },
        "@types/node": {
          "version": "18.11.9"
        },
        "@types/qs": {
          "version": "6.9.7"
        },
        "@types/range-parser": {
          "version": "1.2.4"
        },
        "@types/serve-static": {
          "version": "1.15.0",
          "requires": {
            "@types/mime": "*",
            "@types/node": "*"
          }
        },
        "accepts": {
          "version": "1.3.8",
          "requires": {
            "mime-types": "~2.1.34",
            "negotiator": "0.6.3"
          }
        },
        "ansi-styles": {
          "version": "3.2.1",
          "requires": {
            "color-convert": "^1.9.0"
          }
        },
        "asap": {
          "version": "2.0.6"
        },
        "async-ratelimiter": {
          "version": "1.3.5"
        },
        "bytes": {
          "version": "3.1.2"
        },
        "cache-content-type": {
          "version": "1.0.1",
          "requires": {
            "mime-types": "^2.1.18",
            "ylru": "^1.2.0"
          }
        },
        "call-bind": {
          "version": "1.0.2",
          "requires": {
            "function-bind": "^1.1.1",
            "get-intrinsic": "^1.0.2"
          }
        },
        "chalk": {
          "version": "2.4.2",
          "requires": {
            "ansi-styles": "^3.2.1",
            "escape-string-regexp": "^1.0.5",
            "supports-color": "^5.3.0"
          }
        },
        "co": {
          "version": "4.6.0"
        },
        "co-body": {
          "version": "6.1.0",
          "requires": {
            "inflation": "^2.0.0",
            "qs": "^6.5.2",
            "raw-body": "^2.3.3",
            "type-is": "^1.6.16"
          }
        },
        "color-convert": {
          "version": "1.9.3",
          "requires": {
            "color-name": "1.1.3"
          }
        },
        "color-name": {
          "version": "1.1.3"
        },
        "content-disposition": {
          "version": "0.5.4",
          "requires": {
            "safe-buffer": "5.2.1"
          }
        },
        "content-type": {
          "version": "1.0.4"
        },
        "cookies": {
          "version": "0.8.0",
          "requires": {
            "depd": "~2.0.0",
            "keygrip": "~1.1.0"
          }
        },
        "debug": {
          "version": "4.3.4",
          "requires": {
            "ms": "2.1.2"
          }
        },
        "deep-equal": {
          "version": "1.0.1"
        },
        "delegates": {
          "version": "1.0.0"
        },
        "depd": {
          "version": "2.0.0"
        },
        "destroy": {
          "version": "1.2.0"
        },
        "dezalgo": {
          "version": "1.0.3",
          "requires": {
            "asap": "^2.0.0",
            "wrappy": "1"
          }
        },
        "ee-first": {
          "version": "1.1.1"
        },
        "encodeurl": {
          "version": "1.0.2"
        },
        "escape-html": {
          "version": "1.0.3"
        },
        "escape-string-regexp": {
          "version": "1.0.5"
        },
        "formidable": {
          "version": "2.0.1",
          "requires": {
            "dezalgo": "1.0.3",
            "hexoid": "1.0.0",
            "once": "1.4.0",
            "qs": "6.9.3"
          },
          "dependencies": {
            "qs": {
              "version": "6.9.3"
            }
          }
        },
        "fresh": {
          "version": "0.5.2"
        },
        "function-bind": {
          "version": "1.1.1"
        },
        "get-intrinsic": {
          "version": "1.1.3",
          "requires": {
            "function-bind": "^1.1.1",
            "has": "^1.0.3",
            "has-symbols": "^1.0.3"
          }
        },
        "has": {
          "version": "1.0.3",
          "requires": {
            "function-bind": "^1.1.1"
          }
        },
        "has-flag": {
          "version": "3.0.0"
        },
        "has-symbols": {
          "version": "1.0.3"
        },
        "has-tostringtag": {
          "version": "1.0.0",
          "requires": {
            "has-symbols": "^1.0.2"
          }
        },
        "hexoid": {
          "version": "1.0.0"
        },
        "http-assert": {
          "version": "1.5.0",
          "requires": {
            "deep-equal": "~1.0.1",
            "http-errors": "~1.8.0"
          }
        },
        "http-errors": {
          "version": "1.8.1",
          "requires": {
            "depd": "~1.1.2",
            "inherits": "2.0.4",
            "setprototypeof": "1.2.0",
            "statuses": ">= 1.5.0 < 2",
            "toidentifier": "1.0.1"
          },
          "dependencies": {
            "depd": {
              "version": "1.1.2"
            }
          }
        },
        "humanize-number": {
          "version": "0.0.2"
        },
        "iconv-lite": {
          "version": "0.4.24",
          "requires": {
            "safer-buffer": ">= 2.1.2 < 3"
          }
        },
        "inflation": {
          "version": "2.0.0"
        },
        "inherits": {
          "version": "2.0.4"
        },
        "is-generator-function": {
          "version": "1.0.10",
          "requires": {
            "has-tostringtag": "^1.0.0"
          }
        },
        "keygrip": {
          "version": "1.1.0",
          "requires": {
            "tsscmp": "1.0.6"
          }
        },
        "koa": {
          "version": "2.13.4",
          "requires": {
            "accepts": "^1.3.5",
            "cache-content-type": "^1.0.0",
            "content-disposition": "~0.5.2",
            "content-type": "^1.0.4",
            "cookies": "~0.8.0",
            "debug": "^4.3.2",
            "delegates": "^1.0.0",
            "depd": "^2.0.0",
            "destroy": "^1.0.4",
            "encodeurl": "^1.0.2",
            "escape-html": "^1.0.3",
            "fresh": "~0.5.2",
            "http-assert": "^1.3.0",
            "http-errors": "^1.6.3",
            "is-generator-function": "^1.0.7",
            "koa-compose": "^4.1.0",
            "koa-convert": "^2.0.0",
            "on-finished": "^2.3.0",
            "only": "~0.0.2",
            "parseurl": "^1.3.2",
            "statuses": "^1.5.0",
            "type-is": "^1.6.16",
            "vary": "^1.1.2"
          }
        },
        "koa-body": {
          "version": "6.0.1",
          "requires": {
            "@types/co-body": "^6.1.0",
            "@types/formidable": "^2.0.5",
            "@types/koa": "^2.13.5",
            "co-body": "^6.1.0",
            "formidable": "^2.0.1",
            "zod": "^3.19.1"
          }
        },
        "koa-compose": {
          "version": "4.1.0"
        },
        "koa-convert": {
          "version": "2.0.0",
          "requires": {
            "co": "^4.6.0",
            "koa-compose": "^4.1.0"
          }
        },
        "koa-logger": {
          "version": "3.2.1",
          "requires": {
            "bytes": "^3.1.0",
            "chalk": "^2.4.2",
            "humanize-number": "0.0.2",
            "passthrough-counter": "^1.0.0"
          }
        },
        "koa-ratelimit": {
          "version": "5.0.1",
          "requires": {
            "async-ratelimiter": "^1.3.0",
            "debug": "^4.1.1",
            "ms": "^2.1.2"
          }
        },
        "koa-router": {
          "version": "12.0.0",
          "requires": {
            "http-errors": "^2.0.0",
            "koa-compose": "^4.1.0",
            "methods": "^1.1.2",
            "path-to-regexp": "^6.2.1"
          },
          "dependencies": {
            "http-errors": {
              "version": "2.0.0",
              "requires": {
                "depd": "2.0.0",
                "inherits": "2.0.4",
                "setprototypeof": "1.2.0",
                "statuses": "2.0.1",
                "toidentifier": "1.0.1"
              }
            },
            "statuses": {
              "version": "2.0.1"
            }
          }
        },
        "media-typer": {
          "version": "0.3.0"
        },
        "methods": {
          "version": "1.1.2"
        },
        "mime-db": {
          "version": "1.52.0"
        },
        "mime-types": {
          "version": "2.1.35",
          "requires": {
            "mime-db": "1.52.0"
          }
        },
        "ms": {
          "version": "2.1.2"
        },
        "negotiator": {
          "version": "0.6.3"
        },
        "object-inspect": {
          "version": "1.12.2"
        },
        "on-finished": {
          "version": "2.4.1",
          "requires": {
            "ee-first": "1.1.1"
          }
        },
        "once": {
          "version": "1.4.0",
          "requires": {
            "wrappy": "1"
          }
        },
        "only": {
          "version": "0.0.2"
        },
        "parseurl": {
          "version": "1.3.3"
        },
        "passthrough-counter": {
          "version": "1.0.0"
        },
        "path-to-regexp": {
          "version": "6.2.1"
        },
        "qs": {
          "version": "6.11.0",
          "requires": {
            "side-channel": "^1.0.4"
          }
        },
        "raw-body": {
          "version": "2.5.1",
          "requires": {
            "bytes": "3.1.2",
            "http-errors": "2.0.0",
            "iconv-lite": "0.4.24",
            "unpipe": "1.0.0"
          },
          "dependencies": {
            "http-errors": {
              "version": "2.0.0",
              "requires": {
                "depd": "2.0.0",
                "inherits": "2.0.4",
                "setprototypeof": "1.2.0",
                "statuses": "2.0.1",
                "toidentifier": "1.0.1"
              }
            },
            "statuses": {
              "version": "2.0.1"
            }
          }
        },
        "safe-buffer": {
          "version": "5.2.1"
        },
        "safer-buffer": {
          "version": "2.1.2"
        },
        "setprototypeof": {
          "version": "1.2.0"
        },
        "side-channel": {
          "version": "1.0.4",
          "requires": {
            "call-bind": "^1.0.0",
            "get-intrinsic": "^1.0.2",
            "object-inspect": "^1.9.0"
          }
        },
        "statuses": {
          "version": "1.5.0"
        },
        "supports-color": {
          "version": "5.5.0",
          "requires": {
            "has-flag": "^3.0.0"
          }
        },
        "toidentifier": {
          "version": "1.0.1"
        },
        "tsscmp": {
          "version": "1.0.6"
        },
        "type-is": {
          "version": "1.6.18",
          "requires": {
            "media-typer": "0.3.0",
            "mime-types": "~2.1.24"
          }
        },
        "unpipe": {
          "version": "1.0.0"
        },
        "vary": {
          "version": "1.1.2"
        },
        "wrappy": {
          "version": "1.0.2"
        },
        "ylru": {
          "version": "1.3.2"
        },
        "zod": {
          "version": "3.19.1"
        }
      }
    },
    "abbrev": {
      "version": "1.1.1",
      "dev": true
    },
    "anymatch": {
      "version": "3.1.2",
      "dev": true,
      "requires": {
        "normalize-path": "^3.0.0",
        "picomatch": "^2.0.4"
      }
    },
    "balanced-match": {
      "version": "1.0.2",
      "dev": true
    },
    "binary-extensions": {
      "version": "2.2.0",
      "dev": true
    },
    "brace-expansion": {
      "version": "1.1.11",
      "dev": true,
      "requires": {
        "balanced-match": "^1.0.0",
        "concat-map": "0.0.1"
      }
    },
    "braces": {
      "version": "3.0.2",
      "dev": true,
      "requires": {
        "fill-range": "^7.0.1"
      }
    },
    "chokidar": {
      "version": "3.5.3",
      "dev": true,
      "requires": {
        "anymatch": "~3.1.2",
        "braces": "~3.0.2",
        "fsevents": "~2.3.2",
        "glob-parent": "~5.1.2",
        "is-binary-path": "~2.1.0",
        "is-glob": "~4.0.1",
        "normalize-path": "~3.0.0",
        "readdirp": "~3.6.0"
      }
    },
    "concat-map": {
      "version": "0.0.1",
      "dev": true
    },
    "debug": {
      "version": "3.2.7",
      "dev": true,
      "requires": {
        "ms": "^2.1.1"
      }
    },
    "fill-range": {
      "version": "7.0.1",
      "dev": true,
      "requires": {
        "to-regex-range": "^5.0.1"
      }
    },
    "fsevents": {
      "version": "2.3.2",
      "dev": true,
      "optional": true
    },
    "glob-parent": {
      "version": "5.1.2",
      "dev": true,
      "requires": {
        "is-glob": "^4.0.1"
      }
    },
    "has-flag": {
      "version": "3.0.0",
      "dev": true
    },
    "ignore-by-default": {
      "version": "1.0.1",
      "dev": true
    },
    "is-binary-path": {
      "version": "2.1.0",
      "dev": true,
      "requires": {
        "binary-extensions": "^2.0.0"
      }
    },
    "is-extglob": {
      "version": "2.1.1",
      "dev": true
    },
    "is-glob": {
      "version": "4.0.3",
      "dev": true,
      "requires": {
        "is-extglob": "^2.1.1"
      }
    },
    "is-number": {
      "version": "7.0.0",
      "dev": true
    },
    "minimatch": {
      "version": "3.1.2",
      "dev": true,
      "requires": {
        "brace-expansion": "^1.1.7"
      }
    },
    "ms": {
      "version": "2.1.3",
      "dev": true
    },
    "nodemon": {
      "version": "2.0.20",
      "dev": true,
      "requires": {
        "chokidar": "^3.5.2",
        "debug": "^3.2.7",
        "ignore-by-default": "^1.0.1",
        "minimatch": "^3.1.2",
        "pstree.remy": "^1.1.8",
        "semver": "^5.7.1",
        "simple-update-notifier": "^1.0.7",
        "supports-color": "^5.5.0",
        "touch": "^3.1.0",
        "undefsafe": "^2.0.5"
      }
    },
    "nopt": {
      "version": "1.0.10",
      "dev": true,
      "requires": {
        "abbrev": "1"
      }
    },
    "normalize-path": {
      "version": "3.0.0",
      "dev": true
    },
    "picomatch": {
      "version": "2.3.1",
      "dev": true
    },
    "pstree.remy": {
      "version": "1.1.8",
      "dev": true
    },
    "readdirp": {
      "version": "3.6.0",
      "dev": true,
      "requires": {
        "picomatch": "^2.2.1"
      }
    },
    "semver": {
      "version": "5.7.1",
      "dev": true
    },
    "simple-update-notifier": {
      "version": "1.0.7",
      "dev": true,
      "requires": {
        "semver": "~7.0.0"
      },
      "dependencies": {
        "semver": {
          "version": "7.0.0",
          "dev": true
        }
      }
    },
    "supports-color": {
      "version": "5.5.0",
      "dev": true,
      "requires": {
        "has-flag": "^3.0.0"
      }
    },
    "to-regex-range": {
      "version": "5.0.1",
      "dev": true,
      "requires": {
        "is-number": "^7.0.0"
      }
    },
    "touch": {
      "version": "3.1.0",
      "dev": true,
      "requires": {
        "nopt": "~1.0.10"
      }
    },
    "undefsafe": {
      "version": "2.0.5",
      "dev": true
    }
  }
}
